
Microsoft Visual Studio Solution File, Format Version 12.00
# Visual Studio Version 16
VisualStudioVersion = 16.0.30330.147
MinimumVisualStudioVersion = 10.0.40219.1
Project("{FAE04EC0-301F-11D3-BF4B-00C04F79EFBC}") = "APIStudentSecurity", "APIStudentSecurity\APIStudentSecurity.csproj", "{6C74493A-8028-4F45-B055-B0A078CC04EB}"
EndProject
Global
	GlobalSection(SolutionConfigurationPlatforms) = preSolution
		Debug|Any CPU = Debug|Any CPU
		Release|Any CPU = Release|Any CPU
	EndGlobalSection
	GlobalSection(ProjectConfigurationPlatforms) = postSolution
		{6C74493A-8028-4F45-B055-B0A078CC04EB}.Debug|Any CPU.ActiveCfg = Debug|Any CPU
		{6C74493A-8028-4F45-B055-B0A078CC04EB}.Debug|Any CPU.Build.0 = Debug|Any CPU
		{6C74493A-8028-4F45-B055-B0A078CC04EB}.Release|Any CPU.ActiveCfg = Release|Any CPU
		{6C74493A-8028-4F45-B055-B0A078CC04EB}.Release|Any CPU.Build.0 = Release|Any CPU
	EndGlobalSection
	GlobalSection(SolutionProperties) = preSolution
		HideSolutionNode = FALSE
	EndGlobalSection
	GlobalSection(ExtensibilityGlobals) = postSolution
		SolutionGuid = {B9E55641-B5C4-4B3A-B0BC-B96F71FD32CD}
	EndGlobalSection
EndGlobal
